// !$*UTF8*$!
{
	archiveVersion = 1;
	classes = {
	};
	objectVersion = 70;
	objects = {

/* Begin PBXBuildFile section */
		C2420B6B2C8A284900475BCE /* ToDO_LIstTests.swift in Sources */ = {isa = PBXBuildFile; fileRef = C2420B6A2C8A284900475BCE /* ToDO_LIstTests.swift */; };
		C29096662C89C15200100372 /* HeaderView.swift in Sources */ = {isa = PBXBuildFile; fileRef = C29096652C89C15200100372 /* HeaderView.swift */; };
		C29096682C89C1BB00100372 /* SortMenuView.swift in Sources */ = {isa = PBXBuildFile; fileRef = C29096672C89C1BB00100372 /* SortMenuView.swift */; };
		C290966A2C89C1DA00100372 /* TaskListView.swift in Sources */ = {isa = PBXBuildFile; fileRef = C29096692C89C1DA00100372 /* TaskListView.swift */; };
		C290966C2C89C22D00100372 /* TaskCardView.swift in Sources */ = {isa = PBXBuildFile; fileRef = C290966B2C89C22D00100372 /* TaskCardView.swift */; };
		C290966E2C89C29700100372 /* TaskFilterView.swift in Sources */ = {isa = PBXBuildFile; fileRef = C290966D2C89C29600100372 /* TaskFilterView.swift */; };
		C29096702C89C2B600100372 /* NewTaskView.swift in Sources */ = {isa = PBXBuildFile; fileRef = C290966F2C89C2B600100372 /* NewTaskView.swift */; };
		C29096722C89C34300100372 /* TaskPresenter.swift in Sources */ = {isa = PBXBuildFile; fileRef = C29096712C89C34300100372 /* TaskPresenter.swift */; };
		C29096742C89C3D000100372 /* TaskInteractor.swift in Sources */ = {isa = PBXBuildFile; fileRef = C29096732C89C3D000100372 /* TaskInteractor.swift */; };
		C29096762C89C44000100372 /* TaskEntity.swift in Sources */ = {isa = PBXBuildFile; fileRef = C29096752C89C44000100372 /* TaskEntity.swift */; };
		C29096782C89C9D600100372 /* Models.swift in Sources */ = {isa = PBXBuildFile; fileRef = C29096772C89C9D600100372 /* Models.swift */; };
		C290967A2C89CA1D00100372 /* TaskRouter.swift in Sources */ = {isa = PBXBuildFile; fileRef = C29096792C89CA1D00100372 /* TaskRouter.swift */; };
		C290967C2C89CA8C00100372 /* TaskInteractorProtocol.swift in Sources */ = {isa = PBXBuildFile; fileRef = C290967B2C89CA8C00100372 /* TaskInteractorProtocol.swift */; };
		C290967E2C89CAC600100372 /* TaskPresenterProtocol.swift in Sources */ = {isa = PBXBuildFile; fileRef = C290967D2C89CAC600100372 /* TaskPresenterProtocol.swift */; };
		C29096802C89CAEC00100372 /* PersistenceController.swift in Sources */ = {isa = PBXBuildFile; fileRef = C290967F2C89CAEC00100372 /* PersistenceController.swift */; };
		C29096822C89CB2600100372 /* APIResponse.swift in Sources */ = {isa = PBXBuildFile; fileRef = C29096812C89CB2600100372 /* APIResponse.swift */; };
		C2F1DD302C871B7900BEC866 /* ToDO_LIstApp.swift in Sources */ = {isa = PBXBuildFile; fileRef = C2F1DD2F2C871B7900BEC866 /* ToDO_LIstApp.swift */; };
		C2F1DD322C871B7900BEC866 /* ContentView.swift in Sources */ = {isa = PBXBuildFile; fileRef = C2F1DD312C871B7900BEC866 /* ContentView.swift */; };
		C2F1DD342C871B7A00BEC866 /* Assets.xcassets in Resources */ = {isa = PBXBuildFile; fileRef = C2F1DD332C871B7A00BEC866 /* Assets.xcassets */; };
		C2F1DD372C871B7A00BEC866 /* Preview Assets.xcassets in Resources */ = {isa = PBXBuildFile; fileRef = C2F1DD362C871B7A00BEC866 /* Preview Assets.xcassets */; };
		C2F1DD3F2C871BF000BEC866 /* Model.xcdatamodeld in Sources */ = {isa = PBXBuildFile; fileRef = C2F1DD3D2C871BF000BEC866 /* Model.xcdatamodeld */; };
/* End PBXBuildFile section */

/* Begin PBXContainerItemProxy section */
		C2420B6C2C8A284900475BCE /* PBXContainerItemProxy */ = {
			isa = PBXContainerItemProxy;
			containerPortal = C2F1DD242C871B7900BEC866 /* Project object */;
			proxyType = 1;
			remoteGlobalIDString = C2F1DD2B2C871B7900BEC866;
			remoteInfo = "ToDO LIst";
		};
/* End PBXContainerItemProxy section */

/* Begin PBXFileReference section */
		C2420B682C8A284900475BCE /* ToDO LIstTests.xctest */ = {isa = PBXFileReference; explicitFileType = wrapper.cfbundle; includeInIndex = 0; path = "ToDO LIstTests.xctest"; sourceTree = BUILT_PRODUCTS_DIR; };
		C2420B6A2C8A284900475BCE /* ToDO_LIstTests.swift */ = {isa = PBXFileReference; lastKnownFileType = sourcecode.swift; path = ToDO_LIstTests.swift; sourceTree = "<group>"; };
		C29096652C89C15200100372 /* HeaderView.swift */ = {isa = PBXFileReference; lastKnownFileType = sourcecode.swift; path = HeaderView.swift; sourceTree = "<group>"; };
		C29096672C89C1BB00100372 /* SortMenuView.swift */ = {isa = PBXFileReference; lastKnownFileType = sourcecode.swift; path = SortMenuView.swift; sourceTree = "<group>"; };
		C29096692C89C1DA00100372 /* TaskListView.swift */ = {isa = PBXFileReference; lastKnownFileType = sourcecode.swift; path = TaskListView.swift; sourceTree = "<group>"; };
		C290966B2C89C22D00100372 /* TaskCardView.swift */ = {isa = PBXFileReference; lastKnownFileType = sourcecode.swift; path = TaskCardView.swift; sourceTree = "<group>"; };
		C290966D2C89C29600100372 /* TaskFilterView.swift */ = {isa = PBXFileReference; lastKnownFileType = sourcecode.swift; path = TaskFilterView.swift; sourceTree = "<group>"; };
		C290966F2C89C2B600100372 /* NewTaskView.swift */ = {isa = PBXFileReference; lastKnownFileType = sourcecode.swift; path = NewTaskView.swift; sourceTree = "<group>"; };
		C29096712C89C34300100372 /* TaskPresenter.swift */ = {isa = PBXFileReference; lastKnownFileType = sourcecode.swift; path = TaskPresenter.swift; sourceTree = "<group>"; };
		C29096732C89C3D000100372 /* TaskInteractor.swift */ = {isa = PBXFileReference; lastKnownFileType = sourcecode.swift; path = TaskInteractor.swift; sourceTree = "<group>"; };
		C29096752C89C44000100372 /* TaskEntity.swift */ = {isa = PBXFileReference; lastKnownFileType = sourcecode.swift; path = TaskEntity.swift; sourceTree = "<group>"; };
		C29096772C89C9D600100372 /* Models.swift */ = {isa = PBXFileReference; lastKnownFileType = sourcecode.swift; path = Models.swift; sourceTree = "<group>"; };
		C29096792C89CA1D00100372 /* TaskRouter.swift */ = {isa = PBXFileReference; lastKnownFileType = sourcecode.swift; path = TaskRouter.swift; sourceTree = "<group>"; };
		C290967B2C89CA8C00100372 /* TaskInteractorProtocol.swift */ = {isa = PBXFileReference; lastKnownFileType = sourcecode.swift; path = TaskInteractorProtocol.swift; sourceTree = "<group>"; };
		C290967D2C89CAC600100372 /* TaskPresenterProtocol.swift */ = {isa = PBXFileReference; lastKnownFileType = sourcecode.swift; path = TaskPresenterProtocol.swift; sourceTree = "<group>"; };
		C290967F2C89CAEC00100372 /* PersistenceController.swift */ = {isa = PBXFileReference; lastKnownFileType = sourcecode.swift; path = PersistenceController.swift; sourceTree = "<group>"; };
		C29096812C89CB2600100372 /* APIResponse.swift */ = {isa = PBXFileReference; lastKnownFileType = sourcecode.swift; path = APIResponse.swift; sourceTree = "<group>"; };
		C2F1DD2C2C871B7900BEC866 /* ToDO LIst.app */ = {isa = PBXFileReference; explicitFileType = wrapper.application; includeInIndex = 0; path = "ToDO LIst.app"; sourceTree = BUILT_PRODUCTS_DIR; };
		C2F1DD2F2C871B7900BEC866 /* ToDO_LIstApp.swift */ = {isa = PBXFileReference; lastKnownFileType = sourcecode.swift; path = ToDO_LIstApp.swift; sourceTree = "<group>"; };
		C2F1DD312C871B7900BEC866 /* ContentView.swift */ = {isa = PBXFileReference; lastKnownFileType = sourcecode.swift; path = ContentView.swift; sourceTree = "<group>"; };
		C2F1DD332C871B7A00BEC866 /* Assets.xcassets */ = {isa = PBXFileReference; lastKnownFileType = folder.assetcatalog; path = Assets.xcassets; sourceTree = "<group>"; };
		C2F1DD362C871B7A00BEC866 /* Preview Assets.xcassets */ = {isa = PBXFileReference; lastKnownFileType = folder.assetcatalog; path = "Preview Assets.xcassets"; sourceTree = "<group>"; };
		C2F1DD3E2C871BF000BEC866 /* Model.xcdatamodel */ = {isa = PBXFileReference; lastKnownFileType = wrapper.xcdatamodel; path = Model.xcdatamodel; sourceTree = "<group>"; };
/* End PBXFileReference section */

/* Begin PBXFileSystemSynchronizedRootGroup section */
		C2DA1C712CA3F23300A69920 /* Screenshot */ = {isa = PBXFileSystemSynchronizedRootGroup; explicitFileTypes = {}; explicitFolders = (); path = Screenshot; sourceTree = "<group>"; };
/* End PBXFileSystemSynchronizedRootGroup section */

/* Begin PBXFrameworksBuildPhase section */
		C2420B652C8A284900475BCE /* Frameworks */ = {
			isa = PBXFrameworksBuildPhase;
			buildActionMask = 2147483647;
			files = (
			);
			runOnlyForDeploymentPostprocessing = 0;
		};
		C2F1DD292C871B7900BEC866 /* Frameworks */ = {
			isa = PBXFrameworksBuildPhase;
			buildActionMask = 2147483647;
			files = (
			);
			runOnlyForDeploymentPostprocessing = 0;
		};
/* End PBXFrameworksBuildPhase section */

/* Begin PBXGroup section */
		C2420B692C8A284900475BCE /* ToDO LIstTests */ = {
			isa = PBXGroup;
			children = (
				C2420B6A2C8A284900475BCE /* ToDO_LIstTests.swift */,
			);
			path = "ToDO LIstTests";
			sourceTree = "<group>";
		};
		C29096592C89BF3700100372 /* Networking */ = {
			isa = PBXGroup;
			children = (
				C29096812C89CB2600100372 /* APIResponse.swift */,
			);
			path = Networking;
			sourceTree = "<group>";
		};
		C290965B2C89BF4D00100372 /* CoreData */ = {
			isa = PBXGroup;
			children = (
				C290967F2C89CAEC00100372 /* PersistenceController.swift */,
			);
			path = CoreData;
			sourceTree = "<group>";
		};
		C290965D2C89BF7D00100372 /* Protocols */ = {
			isa = PBXGroup;
			children = (
				C290967B2C89CA8C00100372 /* TaskInteractorProtocol.swift */,
				C290967D2C89CAC600100372 /* TaskPresenterProtocol.swift */,
			);
			path = Protocols;
			sourceTree = "<group>";
		};
		C290965E2C89BF8500100372 /* Router */ = {
			isa = PBXGroup;
			children = (
				C29096792C89CA1D00100372 /* TaskRouter.swift */,
			);
			path = Router;
			sourceTree = "<group>";
		};
		C290965F2C89BF8800100372 /* Entity */ = {
			isa = PBXGroup;
			children = (
				C29096752C89C44000100372 /* TaskEntity.swift */,
				C29096772C89C9D600100372 /* Models.swift */,
			);
			path = Entity;
			sourceTree = "<group>";
		};
		C29096602C89BF8C00100372 /* Presenter */ = {
			isa = PBXGroup;
			children = (
				C29096712C89C34300100372 /* TaskPresenter.swift */,
			);
			path = Presenter;
			sourceTree = "<group>";
		};
		C29096612C89BF9200100372 /* Interactor */ = {
			isa = PBXGroup;
			children = (
				C29096732C89C3D000100372 /* TaskInteractor.swift */,
			);
			path = Interactor;
			sourceTree = "<group>";
		};
		C29096622C89BF9600100372 /* View */ = {
			isa = PBXGroup;
			children = (
				C29096642C89C0B000100372 /* ContentView */,
				C29096632C89C0AA00100372 /* TaskCardView */,
			);
			path = View;
			sourceTree = "<group>";
		};
		C29096632C89C0AA00100372 /* TaskCardView */ = {
			isa = PBXGroup;
			children = (
				C290966B2C89C22D00100372 /* TaskCardView.swift */,
				C290966D2C89C29600100372 /* TaskFilterView.swift */,
				C290966F2C89C2B600100372 /* NewTaskView.swift */,
			);
			path = TaskCardView;
			sourceTree = "<group>";
		};
		C29096642C89C0B000100372 /* ContentView */ = {
			isa = PBXGroup;
			children = (
				C29096652C89C15200100372 /* HeaderView.swift */,
				C29096672C89C1BB00100372 /* SortMenuView.swift */,
				C29096692C89C1DA00100372 /* TaskListView.swift */,
			);
			path = ContentView;
			sourceTree = "<group>";
		};
		C2F1DD232C871B7900BEC866 = {
			isa = PBXGroup;
			children = (
				C2F1DD2E2C871B7900BEC866 /* ToDO LIst */,
				C2420B692C8A284900475BCE /* ToDO LIstTests */,
				C2F1DD2D2C871B7900BEC866 /* Products */,
			);
			sourceTree = "<group>";
		};
		C2F1DD2D2C871B7900BEC866 /* Products */ = {
			isa = PBXGroup;
			children = (
				C2F1DD2C2C871B7900BEC866 /* ToDO LIst.app */,
				C2420B682C8A284900475BCE /* ToDO LIstTests.xctest */,
			);
			name = Products;
			sourceTree = "<group>";
		};
		C2F1DD2E2C871B7900BEC866 /* ToDO LIst */ = {
			isa = PBXGroup;
			children = (
				C2F1DD2F2C871B7900BEC866 /* ToDO_LIstApp.swift */,
				C2F1DD312C871B7900BEC866 /* ContentView.swift */,
				C29096622C89BF9600100372 /* View */,
				C29096612C89BF9200100372 /* Interactor */,
				C29096602C89BF8C00100372 /* Presenter */,
				C290965F2C89BF8800100372 /* Entity */,
				C290965E2C89BF8500100372 /* Router */,
				C290965D2C89BF7D00100372 /* Protocols */,
				C290965B2C89BF4D00100372 /* CoreData */,
				C29096592C89BF3700100372 /* Networking */,
				C2DA1C712CA3F23300A69920 /* Screenshot */,
				C2F1DD3D2C871BF000BEC866 /* Model.xcdatamodeld */,
				C2F1DD332C871B7A00BEC866 /* Assets.xcassets */,
				C2F1DD352C871B7A00BEC866 /* Preview Content */,
			);
			path = "ToDO LIst";
			sourceTree = "<group>";
		};
		C2F1DD352C871B7A00BEC866 /* Preview Content */ = {
			isa = PBXGroup;
			children = (
				C2F1DD362C871B7A00BEC866 /* Preview Assets.xcassets */,
			);
			path = "Preview Content";
			sourceTree = "<group>";
		};
/* End PBXGroup section */

/* Begin PBXNativeTarget section */
		C2420B672C8A284900475BCE /* ToDO LIstTests */ = {
			isa = PBXNativeTarget;
			buildConfigurationList = C2420B702C8A284900475BCE /* Build configuration list for PBXNativeTarget "ToDO LIstTests" */;
			buildPhases = (
				C2420B642C8A284900475BCE /* Sources */,
				C2420B652C8A284900475BCE /* Frameworks */,
				C2420B662C8A284900475BCE /* Resources */,
			);
			buildRules = (
			);
			dependencies = (
				C2420B6D2C8A284900475BCE /* PBXTargetDependency */,
			);
			name = "ToDO LIstTests";
			productName = "ToDO LIstTests";
			productReference = C2420B682C8A284900475BCE /* ToDO LIstTests.xctest */;
			productType = "com.apple.product-type.bundle.unit-test";
		};
		C2F1DD2B2C871B7900BEC866 /* ToDO LIst */ = {
			isa = PBXNativeTarget;
			buildConfigurationList = C2F1DD3A2C871B7A00BEC866 /* Build configuration list for PBXNativeTarget "ToDO LIst" */;
			buildPhases = (
				C2F1DD282C871B7900BEC866 /* Sources */,
				C2F1DD292C871B7900BEC866 /* Frameworks */,
				C2F1DD2A2C871B7900BEC866 /* Resources */,
			);
			buildRules = (
			);
			dependencies = (
			);
			fileSystemSynchronizedGroups = (
				C2DA1C712CA3F23300A69920 /* Screenshot */,
			);
			name = "ToDO LIst";
			productName = "ToDO LIst";
			productReference = C2F1DD2C2C871B7900BEC866 /* ToDO LIst.app */;
			productType = "com.apple.product-type.application";
		};
/* End PBXNativeTarget section */

/* Begin PBXProject section */
		C2F1DD242C871B7900BEC866 /* Project object */ = {
			isa = PBXProject;
			attributes = {
				BuildIndependentTargetsInParallel = 1;
				LastSwiftUpdateCheck = 1540;
				LastUpgradeCheck = 1540;
				TargetAttributes = {
					C2420B672C8A284900475BCE = {
						CreatedOnToolsVersion = 15.4;
						TestTargetID = C2F1DD2B2C871B7900BEC866;
					};
					C2F1DD2B2C871B7900BEC866 = {
						CreatedOnToolsVersion = 15.4;
					};
				};
			};
			buildConfigurationList = C2F1DD272C871B7900BEC866 /* Build configuration list for PBXProject "ToDO LIst" */;
			compatibilityVersion = "Xcode 14.0";
			developmentRegion = en;
			hasScannedForEncodings = 0;
			knownRegions = (
				en,
				Base,
			);
			mainGroup = C2F1DD232C871B7900BEC866;
			productRefGroup = C2F1DD2D2C871B7900BEC866 /* Products */;
			projectDirPath = "";
			projectRoot = "";
			targets = (
				C2F1DD2B2C871B7900BEC866 /* ToDO LIst */,
				C2420B672C8A284900475BCE /* ToDO LIstTests */,
			);
		};
/* End PBXProject section */

/* Begin PBXResourcesBuildPhase section */
		C2420B662C8A284900475BCE /* Resources */ = {
			isa = PBXResourcesBuildPhase;
			buildActionMask = 2147483647;
			files = (
			);
			runOnlyForDeploymentPostprocessing = 0;
		};
		C2F1DD2A2C871B7900BEC866 /* Resources */ = {
			isa = PBXResourcesBuildPhase;
			buildActionMask = 2147483647;
			files = (
				C2F1DD372C871B7A00BEC866 /* Preview Assets.xcassets in Resources */,
				C2F1DD342C871B7A00BEC866 /* Assets.xcassets in Resources */,
			);
			runOnlyForDeploymentPostprocessing = 0;
		};
/* End PBXResourcesBuildPhase section */

/* Begin PBXSourcesBuildPhase section */
		C2420B642C8A284900475BCE /* Sources */ = {
			isa = PBXSourcesBuildPhase;
			buildActionMask = 2147483647;
			files = (
				C2420B6B2C8A284900475BCE /* ToDO_LIstTests.swift in Sources */,
			);
			runOnlyForDeploymentPostprocessing = 0;
		};
		C2F1DD282C871B7900BEC866 /* Sources */ = {
			isa = PBXSourcesBuildPhase;
			buildActionMask = 2147483647;
			files = (
				C2F1DD322C871B7900BEC866 /* ContentView.swift in Sources */,
				C29096782C89C9D600100372 /* Models.swift in Sources */,
				C290967C2C89CA8C00100372 /* TaskInteractorProtocol.swift in Sources */,
				C290967E2C89CAC600100372 /* TaskPresenterProtocol.swift in Sources */,
				C2F1DD302C871B7900BEC866 /* ToDO_LIstApp.swift in Sources */,
				C29096702C89C2B600100372 /* NewTaskView.swift in Sources */,
				C29096762C89C44000100372 /* TaskEntity.swift in Sources */,
				C29096722C89C34300100372 /* TaskPresenter.swift in Sources */,
				C29096682C89C1BB00100372 /* SortMenuView.swift in Sources */,
				C290967A2C89CA1D00100372 /* TaskRouter.swift in Sources */,
				C29096802C89CAEC00100372 /* PersistenceController.swift in Sources */,
				C290966E2C89C29700100372 /* TaskFilterView.swift in Sources */,
				C29096742C89C3D000100372 /* TaskInteractor.swift in Sources */,
				C2F1DD3F2C871BF000BEC866 /* Model.xcdatamodeld in Sources */,
				C29096662C89C15200100372 /* HeaderView.swift in Sources */,
				C290966A2C89C1DA00100372 /* TaskListView.swift in Sources */,
				C290966C2C89C22D00100372 /* TaskCardView.swift in Sources */,
				C29096822C89CB2600100372 /* APIResponse.swift in Sources */,
			);
			runOnlyForDeploymentPostprocessing = 0;
		};
/* End PBXSourcesBuildPhase section */

/* Begin PBXTargetDependency section */
		C2420B6D2C8A284900475BCE /* PBXTargetDependency */ = {
			isa = PBXTargetDependency;
			target = C2F1DD2B2C871B7900BEC866 /* ToDO LIst */;
			targetProxy = C2420B6C2C8A284900475BCE /* PBXContainerItemProxy */;
		};
/* End PBXTargetDependency section */

/* Begin XCBuildConfiguration section */
		C2420B6E2C8A284900475BCE /* Debug */ = {
			isa = XCBuildConfiguration;
			buildSettings = {
				BUNDLE_LOADER = "$(TEST_HOST)";
				CODE_SIGN_STYLE = Automatic;
				CURRENT_PROJECT_VERSION = 1;
				DEVELOPMENT_TEAM = 93NA5FP2X8;
				GENERATE_INFOPLIST_FILE = YES;
				IPHONEOS_DEPLOYMENT_TARGET = 17.5;
				MARKETING_VERSION = 1.0;
				PRODUCT_BUNDLE_IDENTIFIER = "saydulayev.wien-gmail.com.ToDO-LIstTests";
				PRODUCT_NAME = "$(TARGET_NAME)";
				SWIFT_EMIT_LOC_STRINGS = NO;
				SWIFT_VERSION = 5.0;
				TARGETED_DEVICE_FAMILY = "1,2";
				TEST_HOST = "$(BUILT_PRODUCTS_DIR)/ToDO LIst.app/$(BUNDLE_EXECUTABLE_FOLDER_PATH)/ToDO LIst";
			};
			name = Debug;
		};
		C2420B6F2C8A284900475BCE /* Release */ = {
			isa = XCBuildConfiguration;
			buildSettings = {
				BUNDLE_LOADER = "$(TEST_HOST)";
				CODE_SIGN_STYLE = Automatic;
				CURRENT_PROJECT_VERSION = 1;
				DEVELOPMENT_TEAM = 93NA5FP2X8;
				GENERATE_INFOPLIST_FILE = YES;
				IPHONEOS_DEPLOYMENT_TARGET = 17.5;
				MARKETING_VERSION = 1.0;
				PRODUCT_BUNDLE_IDENTIFIER = "saydulayev.wien-gmail.com.ToDO-LIstTests";
				PRODUCT_NAME = "$(TARGET_NAME)";
				SWIFT_EMIT_LOC_STRINGS = NO;
				SWIFT_VERSION = 5.0;
				TARGETED_DEVICE_FAMILY = "1,2";
				TEST_HOST = "$(BUILT_PRODUCTS_DIR)/ToDO LIst.app/$(BUNDLE_EXECUTABLE_FOLDER_PATH)/ToDO LIst";
			};
			name = Release;
		};
		C2F1DD382C871B7A00BEC866 /* Debug */ = {
			isa = XCBuildConfiguration;
			buildSettings = {
				ALWAYS_SEARCH_USER_PATHS = NO;
				ASSETCATALOG_COMPILER_GENERATE_SWIFT_ASSET_SYMBOL_EXTENSIONS = YES;
				CLANG_ANALYZER_NONNULL = YES;
				CLANG_ANALYZER_NUMBER_OBJECT_CONVERSION = YES_AGGRESSIVE;
				CLANG_CXX_LANGUAGE_STANDARD = "gnu++20";
				CLANG_ENABLE_MODULES = YES;
				CLANG_ENABLE_OBJC_ARC = YES;
				CLANG_ENABLE_OBJC_WEAK = YES;
				CLANG_WARN_BLOCK_CAPTURE_AUTORELEASING = YES;
				CLANG_WARN_BOOL_CONVERSION = YES;
				CLANG_WARN_COMMA = YES;
				CLANG_WARN_CONSTANT_CONVERSION = YES;
				CLANG_WARN_DEPRECATED_OBJC_IMPLEMENTATIONS = YES;
				CLANG_WARN_DIRECT_OBJC_ISA_USAGE = YES_ERROR;
				CLANG_WARN_DOCUMENTATION_COMMENTS = YES;
				CLANG_WARN_EMPTY_BODY = YES;
				CLANG_WARN_ENUM_CONVERSION = YES;
				CLANG_WARN_INFINITE_RECURSION = YES;
				CLANG_WARN_INT_CONVERSION = YES;
				CLANG_WARN_NON_LITERAL_NULL_CONVERSION = YES;
				CLANG_WARN_OBJC_IMPLICIT_RETAIN_SELF = YES;
				CLANG_WARN_OBJC_LITERAL_CONVERSION = YES;
				CLANG_WARN_OBJC_ROOT_CLASS = YES_ERROR;
				CLANG_WARN_QUOTED_INCLUDE_IN_FRAMEWORK_HEADER = YES;
				CLANG_WARN_RANGE_LOOP_ANALYSIS = YES;
				CLANG_WARN_STRICT_PROTOTYPES = YES;
				CLANG_WARN_SUSPICIOUS_MOVE = YES;
				CLANG_WARN_UNGUARDED_AVAILABILITY = YES_AGGRESSIVE;
				CLANG_WARN_UNREACHABLE_CODE = YES;
				CLANG_WARN__DUPLICATE_METHOD_MATCH = YES;
				COPY_PHASE_STRIP = NO;
				DEBUG_INFORMATION_FORMAT = dwarf;
				ENABLE_STRICT_OBJC_MSGSEND = YES;
				ENABLE_TESTABILITY = YES;
				ENABLE_USER_SCRIPT_SANDBOXING = YES;
				GCC_C_LANGUAGE_STANDARD = gnu17;
				GCC_DYNAMIC_NO_PIC = NO;
				GCC_NO_COMMON_BLOCKS = YES;
				GCC_OPTIMIZATION_LEVEL = 0;
				GCC_PREPROCESSOR_DEFINITIONS = (
					"DEBUG=1",
					"$(inherited)",
				);
				GCC_WARN_64_TO_32_BIT_CONVERSION = YES;
				GCC_WARN_ABOUT_RETURN_TYPE = YES_ERROR;
				GCC_WARN_UNDECLARED_SELECTOR = YES;
				GCC_WARN_UNINITIALIZED_AUTOS = YES_AGGRESSIVE;
				GCC_WARN_UNUSED_FUNCTION = YES;
				GCC_WARN_UNUSED_VARIABLE = YES;
				IPHONEOS_DEPLOYMENT_TARGET = 16.0;
				LOCALIZATION_PREFERS_STRING_CATALOGS = YES;
				MTL_ENABLE_DEBUG_INFO = INCLUDE_SOURCE;
				MTL_FAST_MATH = YES;
				ONLY_ACTIVE_ARCH = YES;
				SDKROOT = iphoneos;
				SWIFT_ACTIVE_COMPILATION_CONDITIONS = "DEBUG $(inherited)";
				SWIFT_OPTIMIZATION_LEVEL = "-Onone";
			};
			name = Debug;
		};
		C2F1DD392C871B7A00BEC866 /* Release */ = {
			isa = XCBuildConfiguration;
			buildSettings = {
				ALWAYS_SEARCH_USER_PATHS = NO;
				ASSETCATALOG_COMPILER_GENERATE_SWIFT_ASSET_SYMBOL_EXTENSIONS = YES;
				CLANG_ANALYZER_NONNULL = YES;
				CLANG_ANALYZER_NUMBER_OBJECT_CONVERSION = YES_AGGRESSIVE;
				CLANG_CXX_LANGUAGE_STANDARD = "gnu++20";
				CLANG_ENABLE_MODULES = YES;
				CLANG_ENABLE_OBJC_ARC = YES;
				CLANG_ENABLE_OBJC_WEAK = YES;
				CLANG_WARN_BLOCK_CAPTURE_AUTORELEASING = YES;
				CLANG_WARN_BOOL_CONVERSION = YES;
				CLANG_WARN_COMMA = YES;
				CLANG_WARN_CONSTANT_CONVERSION = YES;
				CLANG_WARN_DEPRECATED_OBJC_IMPLEMENTATIONS = YES;
				CLANG_WARN_DIRECT_OBJC_ISA_USAGE = YES_ERROR;
				CLANG_WARN_DOCUMENTATION_COMMENTS = YES;
				CLANG_WARN_EMPTY_BODY = YES;
				CLANG_WARN_ENUM_CONVERSION = YES;
				CLANG_WARN_INFINITE_RECURSION = YES;
				CLANG_WARN_INT_CONVERSION = YES;
				CLANG_WARN_NON_LITERAL_NULL_CONVERSION = YES;
				CLANG_WARN_OBJC_IMPLICIT_RETAIN_SELF = YES;
				CLANG_WARN_OBJC_LITERAL_CONVERSION = YES;
				CLANG_WARN_OBJC_ROOT_CLASS = YES_ERROR;
				CLANG_WARN_QUOTED_INCLUDE_IN_FRAMEWORK_HEADER = YES;
				CLANG_WARN_RANGE_LOOP_ANALYSIS = YES;
				CLANG_WARN_STRICT_PROTOTYPES = YES;
				CLANG_WARN_SUSPICIOUS_MOVE = YES;
				CLANG_WARN_UNGUARDED_AVAILABILITY = YES_AGGRESSIVE;
				CLANG_WARN_UNREACHABLE_CODE = YES;
				CLANG_WARN__DUPLICATE_METHOD_MATCH = YES;
				COPY_PHASE_STRIP = NO;
				DEBUG_INFORMATION_FORMAT = "dwarf-with-dsym";
				ENABLE_NS_ASSERTIONS = NO;
				ENABLE_STRICT_OBJC_MSGSEND = YES;
				ENABLE_USER_SCRIPT_SANDBOXING = YES;
				GCC_C_LANGUAGE_STANDARD = gnu17;
				GCC_NO_COMMON_BLOCKS = YES;
				GCC_WARN_64_TO_32_BIT_CONVERSION = YES;
				GCC_WARN_ABOUT_RETURN_TYPE = YES_ERROR;
				GCC_WARN_UNDECLARED_SELECTOR = YES;
				GCC_WARN_UNINITIALIZED_AUTOS = YES_AGGRESSIVE;
				GCC_WARN_UNUSED_FUNCTION = YES;
				GCC_WARN_UNUSED_VARIABLE = YES;
				IPHONEOS_DEPLOYMENT_TARGET = 16.0;
				LOCALIZATION_PREFERS_STRING_CATALOGS = YES;
				MTL_ENABLE_DEBUG_INFO = NO;
				MTL_FAST_MATH = YES;
				SDKROOT = iphoneos;
				SWIFT_COMPILATION_MODE = wholemodule;
				VALIDATE_PRODUCT = YES;
			};
			name = Release;
		};
		C2F1DD3B2C871B7A00BEC866 /* Debug */ = {
			isa = XCBuildConfiguration;
			buildSettings = {
				ASSETCATALOG_COMPILER_APPICON_NAME = AppIcon;
				ASSETCATALOG_COMPILER_GLOBAL_ACCENT_COLOR_NAME = AccentColor;
				CODE_SIGN_STYLE = Automatic;
				CURRENT_PROJECT_VERSION = 1;
				DEVELOPMENT_ASSET_PATHS = "\"ToDO LIst/Preview Content\"";
				DEVELOPMENT_TEAM = 93NA5FP2X8;
				ENABLE_PREVIEWS = YES;
				GENERATE_INFOPLIST_FILE = YES;
				INFOPLIST_KEY_UIApplicationSceneManifest_Generation = YES;
				INFOPLIST_KEY_UIApplicationSupportsIndirectInputEvents = YES;
				INFOPLIST_KEY_UILaunchScreen_Generation = YES;
				INFOPLIST_KEY_UISupportedInterfaceOrientations_iPad = "UIInterfaceOrientationPortrait UIInterfaceOrientationPortraitUpsideDown UIInterfaceOrientationLandscapeLeft UIInterfaceOrientationLandscapeRight";
				INFOPLIST_KEY_UISupportedInterfaceOrientations_iPhone = "UIInterfaceOrientationPortrait UIInterfaceOrientationLandscapeLeft UIInterfaceOrientationLandscapeRight";
				IPHONEOS_DEPLOYMENT_TARGET = 16.0;
				LD_RUNPATH_SEARCH_PATHS = (
					"$(inherited)",
					"@executable_path/Frameworks",
				);
				MARKETING_VERSION = 1.0;
				PRODUCT_BUNDLE_IDENTIFIER = "saydulayev.wien-gmail.com.ToDO-LIst";
				PRODUCT_NAME = "$(TARGET_NAME)";
				SWIFT_EMIT_LOC_STRINGS = YES;
				SWIFT_VERSION = 5.0;
				TARGETED_DEVICE_FAMILY = "1,2";
			};
			name = Debug;
		};
		C2F1DD3C2C871B7A00BEC866 /* Release */ = {
			isa = XCBuildConfiguration;
			buildSettings = {
				ASSETCATALOG_COMPILER_APPICON_NAME = AppIcon;
				ASSETCATALOG_COMPILER_GLOBAL_ACCENT_COLOR_NAME = AccentColor;
				CODE_SIGN_STYLE = Automatic;
				CURRENT_PROJECT_VERSION = 1;
				DEVELOPMENT_ASSET_PATHS = "\"ToDO LIst/Preview Content\"";
				DEVELOPMENT_TEAM = 93NA5FP2X8;
				ENABLE_PREVIEWS = YES;
				GENERATE_INFOPLIST_FILE = YES;
				INFOPLIST_KEY_UIApplicationSceneManifest_Generation = YES;
				INFOPLIST_KEY_UIApplicationSupportsIndirectInputEvents = YES;
				INFOPLIST_KEY_UILaunchScreen_Generation = YES;
				INFOPLIST_KEY_UISupportedInterfaceOrientations_iPad = "UIInterfaceOrientationPortrait UIInterfaceOrientationPortraitUpsideDown UIInterfaceOrientationLandscapeLeft UIInterfaceOrientationLandscapeRight";
				INFOPLIST_KEY_UISupportedInterfaceOrientations_iPhone = "UIInterfaceOrientationPortrait UIInterfaceOrientationLandscapeLeft UIInterfaceOrientationLandscapeRight";
				IPHONEOS_DEPLOYMENT_TARGET = 16.0;
				LD_RUNPATH_SEARCH_PATHS = (
					"$(inherited)",
					"@executable_path/Frameworks",
				);
				MARKETING_VERSION = 1.0;
				PRODUCT_BUNDLE_IDENTIFIER = "saydulayev.wien-gmail.com.ToDO-LIst";
				PRODUCT_NAME = "$(TARGET_NAME)";
				SWIFT_EMIT_LOC_STRINGS = YES;
				SWIFT_VERSION = 5.0;
				TARGETED_DEVICE_FAMILY = "1,2";
			};
			name = Release;
		};
/* End XCBuildConfiguration section */

/* Begin XCConfigurationList section */
		C2420B702C8A284900475BCE /* Build configuration list for PBXNativeTarget "ToDO LIstTests" */ = {
			isa = XCConfigurationList;
			buildConfigurations = (
				C2420B6E2C8A284900475BCE /* Debug */,
				C2420B6F2C8A284900475BCE /* Release */,
			);
			defaultConfigurationIsVisible = 0;
			defaultConfigurationName = Release;
		};
		C2F1DD272C871B7900BEC866 /* Build configuration list for PBXProject "ToDO LIst" */ = {
			isa = XCConfigurationList;
			buildConfigurations = (
				C2F1DD382C871B7A00BEC866 /* Debug */,
				C2F1DD392C871B7A00BEC866 /* Release */,
			);
			defaultConfigurationIsVisible = 0;
			defaultConfigurationName = Release;
		};
		C2F1DD3A2C871B7A00BEC866 /* Build configuration list for PBXNativeTarget "ToDO LIst" */ = {
			isa = XCConfigurationList;
			buildConfigurations = (
				C2F1DD3B2C871B7A00BEC866 /* Debug */,
				C2F1DD3C2C871B7A00BEC866 /* Release */,
			);
			defaultConfigurationIsVisible = 0;
			defaultConfigurationName = Release;
		};
/* End XCConfigurationList section */

/* Begin XCVersionGroup section */
		C2F1DD3D2C871BF000BEC866 /* Model.xcdatamodeld */ = {
			isa = XCVersionGroup;
			children = (
				C2F1DD3E2C871BF000BEC866 /* Model.xcdatamodel */,
			);
			currentVersion = C2F1DD3E2C871BF000BEC866 /* Model.xcdatamodel */;
			name = Model.xcdatamodeld;
			path = "/Users/saydulayev/Desktop/ToDO LIst/ToDO LIst/Model.xcdatamodeld";
			sourceTree = "<group>";
			versionGroupType = wrapper.xcdatamodel;
		};
/* End XCVersionGroup section */
	};
	rootObject = C2F1DD242C871B7900BEC866 /* Project object */;
}
